
Microsoft Visual Studio Solution File, Format Version 12.00
# Visual Studio Version 17
VisualStudioVersion = 17.4.33205.214
MinimumVisualStudioVersion = 10.0.40219.1
Project("{FAE04EC0-301F-11D3-BF4B-00C04F79EFBC}") = "MyPortfolio", "MyPortfolio\MyPortfolio.csproj", "{3F137E5D-87AF-4DAD-91AF-5E7FEB692A00}"
EndProject
Global
	GlobalSection(SolutionConfigurationPlatforms) = preSolution
		Debug|Any CPU = Debug|Any CPU
		Release|Any CPU = Release|Any CPU
	EndGlobalSection
	GlobalSection(ProjectConfigurationPlatforms) = postSolution
		{3F137E5D-87AF-4DAD-91AF-5E7FEB692A00}.Debug|Any CPU.ActiveCfg = Debug|Any CPU
		{3F137E5D-87AF-4DAD-91AF-5E7FEB692A00}.Debug|Any CPU.Build.0 = Debug|Any CPU
		{3F137E5D-87AF-4DAD-91AF-5E7FEB692A00}.Release|Any CPU.ActiveCfg = Release|Any CPU
		{3F137E5D-87AF-4DAD-91AF-5E7FEB692A00}.Release|Any CPU.Build.0 = Release|Any CPU
	EndGlobalSection
	GlobalSection(SolutionProperties) = preSolution
		HideSolutionNode = FALSE
	EndGlobalSection
	GlobalSection(ExtensibilityGlobals) = postSolution
		SolutionGuid = {741553EA-C41C-4497-8E6B-BA4AF9BD48AC}
	EndGlobalSection
EndGlobal
